<Solution>
  <Folder Name="/tests/">
    <Project Path="tests/ITServiceDesk.IntegrationTests/ITServiceDesk.IntegrationTests.csproj" />
    <Project Path="tests/ITServiceDesk.UnitTests/ITServiceDesk.UnitTests.csproj" />
  </Folder>
  <Project Path="ITServiceDesk.API/ITServiceDesk.API.csproj" />
  <Project Path="ITServiceDesk.Core/ITServiceDesk.Core.csproj" />
  <Project Path="ITServiceDesk.Data/ITServiceDesk.Data.csproj" />
  <Project Path="ITServiceDesk.Service/ITServiceDesk.Service.csproj" />
</Solution>
